{
  "name": "@wirequery/wirequery-js-core",
  "version": "1.0.0",
  "lockfileVersion": 2,
  "requires": true,
  "packages": {
    "": {
      "name": "@wirequery/wirequery-js-core",
      "version": "1.0.0",
      "license": "MIT",
      "devDependencies": {
        "rrweb": "^2.0.0-alpha.11",
        "rrweb-snapshot": "^2.0.0-alpha.11",
        "typescript": "5.0.3"
      }
    },
    "node_modules/@rrweb/types": {
      "version": "2.0.0-alpha.11",
      "resolved": "https://registry.npmjs.org/@rrweb/types/-/types-2.0.0-alpha.11.tgz",
      "integrity": "sha512-8ccocIkT5J/bfNRQY85qR/g6p5YQFpgFO2cMt4+Ex7w31Lq0yqZBRaoYEsawQKpLrn5KOHkdn2UTUrna7WMQuA==",
      "dev": true,
      "dependencies": {
        "rrweb-snapshot": "^2.0.0-alpha.11"
      }
    },
    "node_modules/@types/css-font-loading-module": {
      "version": "0.0.7",
      "resolved": "https://registry.npmjs.org/@types/css-font-loading-module/-/css-font-loading-module-0.0.7.tgz",
      "integrity": "sha512-nl09VhutdjINdWyXxHWN/w9zlNCfr60JUqJbd24YXUuCwgeL0TpFSdElCwb6cxfB6ybE19Gjj4g0jsgkXxKv1Q==",
      "dev": true
    },
    "node_modules/@xstate/fsm": {
      "version": "1.6.5",
      "resolved": "https://registry.npmjs.org/@xstate/fsm/-/fsm-1.6.5.tgz",
      "integrity": "sha512-b5o1I6aLNeYlU/3CPlj/Z91ybk1gUsKT+5NAJI+2W4UjvS5KLG28K9v5UvNoFVjHV8PajVZ00RH3vnjyQO7ZAw==",
      "dev": true
    },
    "node_modules/base64-arraybuffer": {
      "version": "1.0.2",
      "resolved": "https://registry.npmjs.org/base64-arraybuffer/-/base64-arraybuffer-1.0.2.tgz",
      "integrity": "sha512-I3yl4r9QB5ZRY3XuJVEPfc2XhZO6YweFPI+UovAzn+8/hb3oJ6lnysaFcjVpkCPfVWFUDvoZ8kmVDP7WyRtYtQ==",
      "dev": true,
      "engines": {
        "node": ">= 0.6.0"
      }
    },
    "node_modules/fflate": {
      "version": "0.4.8",
      "resolved": "https://registry.npmjs.org/fflate/-/fflate-0.4.8.tgz",
      "integrity": "sha512-FJqqoDBR00Mdj9ppamLa/Y7vxm+PRmNWA67N846RvsoYVMKB4q3y/de5PA7gUmRMYK/8CMz2GDZQmCRN1wBcWA==",
      "dev": true
    },
    "node_modules/mitt": {
      "version": "3.0.1",
      "resolved": "https://registry.npmjs.org/mitt/-/mitt-3.0.1.tgz",
      "integrity": "sha512-vKivATfr97l2/QBCYAkXYDbrIWPM2IIKEl7YPhjCvKlG3kE2gm+uBo6nEXK3M5/Ffh/FLpKExzOQ3JJoJGFKBw==",
      "dev": true
    },
    "node_modules/rrdom": {
      "version": "2.0.0-alpha.11",
      "resolved": "https://registry.npmjs.org/rrdom/-/rrdom-2.0.0-alpha.11.tgz",
      "integrity": "sha512-U37m0t4jTz63wnVRcOQ5qFzSTrI5RdNgeXnHAha2Fmh9+1K+XuCx421a8D1wZk3WcDc2sFz/04FVdM0OD2caHg==",
      "dev": true,
      "dependencies": {
        "rrweb-snapshot": "^2.0.0-alpha.11"
      }
    },
    "node_modules/rrweb": {
      "version": "2.0.0-alpha.11",
      "resolved": "https://registry.npmjs.org/rrweb/-/rrweb-2.0.0-alpha.11.tgz",
      "integrity": "sha512-vJ2gNvF+pUG9C2aaau7iSNqhWBSc4BwtUO4FpegOtDObuH4PIaxNJOlgHz82+WxKr9XPm93ER0LqmNpy0KYdKg==",
      "dev": true,
      "dependencies": {
        "@rrweb/types": "^2.0.0-alpha.11",
        "@types/css-font-loading-module": "0.0.7",
        "@xstate/fsm": "^1.4.0",
        "base64-arraybuffer": "^1.0.1",
        "fflate": "^0.4.4",
        "mitt": "^3.0.0",
        "rrdom": "^2.0.0-alpha.11",
        "rrweb-snapshot": "^2.0.0-alpha.11"
      }
    },
    "node_modules/rrweb-snapshot": {
      "version": "2.0.0-alpha.11",
      "resolved": "https://registry.npmjs.org/rrweb-snapshot/-/rrweb-snapshot-2.0.0-alpha.11.tgz",
      "integrity": "sha512-N0dzeJA2VhrlSOadkKwCVmV/DuNOwBH+Lhx89hAf9PQK4lCS8AP4AaylhqUdZOYHqwVjqsYel/uZ4hN79vuLhw==",
      "dev": true
    },
    "node_modules/typescript": {
      "version": "5.0.3",
      "resolved": "https://registry.npmjs.org/typescript/-/typescript-5.0.3.tgz",
      "integrity": "sha512-xv8mOEDnigb/tN9PSMTwSEqAnUvkoXMQlicOb0IUVDBSQCgBSaAAROUZYy2IcUy5qU6XajK5jjjO7TMWqBTKZA==",
      "dev": true,
      "bin": {
        "tsc": "bin/tsc",
        "tsserver": "bin/tsserver"
      },
      "engines": {
        "node": ">=12.20"
      }
    }
  },
  "dependencies": {
    "@rrweb/types": {
      "version": "2.0.0-alpha.11",
      "resolved": "https://registry.npmjs.org/@rrweb/types/-/types-2.0.0-alpha.11.tgz",
      "integrity": "sha512-8ccocIkT5J/bfNRQY85qR/g6p5YQFpgFO2cMt4+Ex7w31Lq0yqZBRaoYEsawQKpLrn5KOHkdn2UTUrna7WMQuA==",
      "dev": true,
      "requires": {
        "rrweb-snapshot": "^2.0.0-alpha.11"
      }
    },
    "@types/css-font-loading-module": {
      "version": "0.0.7",
      "resolved": "https://registry.npmjs.org/@types/css-font-loading-module/-/css-font-loading-module-0.0.7.tgz",
      "integrity": "sha512-nl09VhutdjINdWyXxHWN/w9zlNCfr60JUqJbd24YXUuCwgeL0TpFSdElCwb6cxfB6ybE19Gjj4g0jsgkXxKv1Q==",
      "dev": true
    },
    "@xstate/fsm": {
      "version": "1.6.5",
      "resolved": "https://registry.npmjs.org/@xstate/fsm/-/fsm-1.6.5.tgz",
      "integrity": "sha512-b5o1I6aLNeYlU/3CPlj/Z91ybk1gUsKT+5NAJI+2W4UjvS5KLG28K9v5UvNoFVjHV8PajVZ00RH3vnjyQO7ZAw==",
      "dev": true
    },
    "base64-arraybuffer": {
      "version": "1.0.2",
      "resolved": "https://registry.npmjs.org/base64-arraybuffer/-/base64-arraybuffer-1.0.2.tgz",
      "integrity": "sha512-I3yl4r9QB5ZRY3XuJVEPfc2XhZO6YweFPI+UovAzn+8/hb3oJ6lnysaFcjVpkCPfVWFUDvoZ8kmVDP7WyRtYtQ==",
      "dev": true
    },
    "fflate": {
      "version": "0.4.8",
      "resolved": "https://registry.npmjs.org/fflate/-/fflate-0.4.8.tgz",
      "integrity": "sha512-FJqqoDBR00Mdj9ppamLa/Y7vxm+PRmNWA67N846RvsoYVMKB4q3y/de5PA7gUmRMYK/8CMz2GDZQmCRN1wBcWA==",
      "dev": true
    },
    "mitt": {
      "version": "3.0.1",
      "resolved": "https://registry.npmjs.org/mitt/-/mitt-3.0.1.tgz",
      "integrity": "sha512-vKivATfr97l2/QBCYAkXYDbrIWPM2IIKEl7YPhjCvKlG3kE2gm+uBo6nEXK3M5/Ffh/FLpKExzOQ3JJoJGFKBw==",
      "dev": true
    },
    "rrdom": {
      "version": "2.0.0-alpha.11",
      "resolved": "https://registry.npmjs.org/rrdom/-/rrdom-2.0.0-alpha.11.tgz",
      "integrity": "sha512-U37m0t4jTz63wnVRcOQ5qFzSTrI5RdNgeXnHAha2Fmh9+1K+XuCx421a8D1wZk3WcDc2sFz/04FVdM0OD2caHg==",
      "dev": true,
      "requires": {
        "rrweb-snapshot": "^2.0.0-alpha.11"
      }
    },
    "rrweb": {
      "version": "2.0.0-alpha.11",
      "resolved": "https://registry.npmjs.org/rrweb/-/rrweb-2.0.0-alpha.11.tgz",
      "integrity": "sha512-vJ2gNvF+pUG9C2aaau7iSNqhWBSc4BwtUO4FpegOtDObuH4PIaxNJOlgHz82+WxKr9XPm93ER0LqmNpy0KYdKg==",
      "dev": true,
      "requires": {
        "@rrweb/types": "^2.0.0-alpha.11",
        "@types/css-font-loading-module": "0.0.7",
        "@xstate/fsm": "^1.4.0",
        "base64-arraybuffer": "^1.0.1",
        "fflate": "^0.4.4",
        "mitt": "^3.0.0",
        "rrdom": "^2.0.0-alpha.11",
        "rrweb-snapshot": "^2.0.0-alpha.11"
      }
    },
    "rrweb-snapshot": {
      "version": "2.0.0-alpha.11",
      "resolved": "https://registry.npmjs.org/rrweb-snapshot/-/rrweb-snapshot-2.0.0-alpha.11.tgz",
      "integrity": "sha512-N0dzeJA2VhrlSOadkKwCVmV/DuNOwBH+Lhx89hAf9PQK4lCS8AP4AaylhqUdZOYHqwVjqsYel/uZ4hN79vuLhw==",
      "dev": true
    },
    "typescript": {
      "version": "5.0.3",
      "resolved": "https://registry.npmjs.org/typescript/-/typescript-5.0.3.tgz",
      "integrity": "sha512-xv8mOEDnigb/tN9PSMTwSEqAnUvkoXMQlicOb0IUVDBSQCgBSaAAROUZYy2IcUy5qU6XajK5jjjO7TMWqBTKZA==",
      "dev": true
    }
  }
}
